Microsoft Visual Studio Solution File, Format Version 12.00
# Visual Studio Version 17
VisualStudioVersion = 17.13.35931.197
MinimumVisualStudioVersion = 10.0.40219.1
Project("{FAE04EC0-301F-11D3-BF4B-00C04F79EFBC}") = "FirstCode", "FirstCode.csproj", "{EDBD4C21-7B9C-45AB-8F96-7A253FFC5F4A}"
EndProject
Global
	GlobalSection(SolutionConfigurationPlatforms) = preSolution
		Debug|Any CPU = Debug|Any CPU
		Release|Any CPU = Release|Any CPU
	EndGlobalSection
	GlobalSection(ProjectConfigurationPlatforms) = postSolution
		{EDBD4C21-7B9C-45AB-8F96-7A253FFC5F4A}.Debug|Any CPU.ActiveCfg = Debug|Any CPU
		{EDBD4C21-7B9C-45AB-8F96-7A253FFC5F4A}.Debug|Any CPU.Build.0 = Debug|Any CPU
		{EDBD4C21-7B9C-45AB-8F96-7A253FFC5F4A}.Release|Any CPU.ActiveCfg = Release|Any CPU
		{EDBD4C21-7B9C-45AB-8F96-7A253FFC5F4A}.Release|Any CPU.Build.0 = Release|Any CPU
	EndGlobalSection
	GlobalSection(SolutionProperties) = preSolution
		HideSolutionNode = FALSE
	EndGlobalSection
	GlobalSection(ExtensibilityGlobals) = postSolution
		SolutionGuid = {25830AB1-EA8F-4838-B277-E61BF3A14867}
	EndGlobalSection
EndGlobal
